
Microsoft Visual Studio Solution File, Format Version 12.00
# Visual Studio Version 17
VisualStudioVersion = 17.10.34607.79
MinimumVisualStudioVersion = 10.0.40219.1
Project("{2150E333-8FDC-42A3-9474-1A3956D46DE8}") = "src", "src", "{A9A6E56F-5E76-4768-BE13-F76269BEB77E}"
EndProject
Project("{9A19103F-16F7-4668-BE54-9A1E7A4F7556}") = "LibUA", "src\LibUA\LibUA.csproj", "{159FE7F0-88DF-47A5-8A78-54102D6BC9A2}"
EndProject
Project("{2150E333-8FDC-42A3-9474-1A3956D46DE8}") = "test", "test", "{B4AA5542-5CE0-474B-AFF7-B63A65A48297}"
EndProject
Project("{9A19103F-16F7-4668-BE54-9A1E7A4F7556}") = "LibUA.Benchmarks", "test\LibUA.Benchmarks\LibUA.Benchmarks.csproj", "{5D5111A9-E566-41F9-8683-9254F90AC001}"
EndProject
Project("{9A19103F-16F7-4668-BE54-9A1E7A4F7556}") = "LibUA.Tests", "test\LibUA.Tests\LibUA.Tests.csproj", "{62CD0B62-E53F-4264-A9E2-EE6D9472F08C}"
EndProject
Project("{2150E333-8FDC-42A3-9474-1A3956D46DE8}") = "samples", "samples", "{FBD88B52-EF66-4202-B013-FC70AD1ECD62}"
EndProject
Project("{9A19103F-16F7-4668-BE54-9A1E7A4F7556}") = "TestClient", "samples\TestClient\TestClient.csproj", "{43EE7C6E-DDF8-4BA4-AEAA-AE3D48F27DA1}"
EndProject
Project("{9A19103F-16F7-4668-BE54-9A1E7A4F7556}") = "TestServer", "samples\TestServer\TestServer.csproj", "{583E5263-74E7-4F69-82D1-11E3EDA4DC45}"
EndProject
Project("{FAE04EC0-301F-11D3-BF4B-00C04F79EFBC}") = "SimpleServer", "samples\SimpleServer\SimpleServer.csproj", "{F0AEAA2F-F564-491E-BA1F-D2BD630CDBB3}"
EndProject
Global
	GlobalSection(SolutionConfigurationPlatforms) = preSolution
		Debug|Any CPU = Debug|Any CPU
		Release|Any CPU = Release|Any CPU
	EndGlobalSection
	GlobalSection(ProjectConfigurationPlatforms) = postSolution
		{159FE7F0-88DF-47A5-8A78-54102D6BC9A2}.Debug|Any CPU.ActiveCfg = Debug|Any CPU
		{159FE7F0-88DF-47A5-8A78-54102D6BC9A2}.Debug|Any CPU.Build.0 = Debug|Any CPU
		{159FE7F0-88DF-47A5-8A78-54102D6BC9A2}.Release|Any CPU.ActiveCfg = Release|Any CPU
		{159FE7F0-88DF-47A5-8A78-54102D6BC9A2}.Release|Any CPU.Build.0 = Release|Any CPU
		{5D5111A9-E566-41F9-8683-9254F90AC001}.Debug|Any CPU.ActiveCfg = Debug|Any CPU
		{5D5111A9-E566-41F9-8683-9254F90AC001}.Debug|Any CPU.Build.0 = Debug|Any CPU
		{5D5111A9-E566-41F9-8683-9254F90AC001}.Release|Any CPU.ActiveCfg = Release|Any CPU
		{5D5111A9-E566-41F9-8683-9254F90AC001}.Release|Any CPU.Build.0 = Release|Any CPU
		{62CD0B62-E53F-4264-A9E2-EE6D9472F08C}.Debug|Any CPU.ActiveCfg = Debug|Any CPU
		{62CD0B62-E53F-4264-A9E2-EE6D9472F08C}.Debug|Any CPU.Build.0 = Debug|Any CPU
		{62CD0B62-E53F-4264-A9E2-EE6D9472F08C}.Release|Any CPU.ActiveCfg = Release|Any CPU
		{62CD0B62-E53F-4264-A9E2-EE6D9472F08C}.Release|Any CPU.Build.0 = Release|Any CPU
		{43EE7C6E-DDF8-4BA4-AEAA-AE3D48F27DA1}.Debug|Any CPU.ActiveCfg = Debug|Any CPU
		{43EE7C6E-DDF8-4BA4-AEAA-AE3D48F27DA1}.Debug|Any CPU.Build.0 = Debug|Any CPU
		{43EE7C6E-DDF8-4BA4-AEAA-AE3D48F27DA1}.Release|Any CPU.ActiveCfg = Release|Any CPU
		{43EE7C6E-DDF8-4BA4-AEAA-AE3D48F27DA1}.Release|Any CPU.Build.0 = Release|Any CPU
		{583E5263-74E7-4F69-82D1-11E3EDA4DC45}.Debug|Any CPU.ActiveCfg = Debug|Any CPU
		{583E5263-74E7-4F69-82D1-11E3EDA4DC45}.Debug|Any CPU.Build.0 = Debug|Any CPU
		{583E5263-74E7-4F69-82D1-11E3EDA4DC45}.Release|Any CPU.ActiveCfg = Release|Any CPU
		{583E5263-74E7-4F69-82D1-11E3EDA4DC45}.Release|Any CPU.Build.0 = Release|Any CPU
		{F0AEAA2F-F564-491E-BA1F-D2BD630CDBB3}.Debug|Any CPU.ActiveCfg = Debug|Any CPU
		{F0AEAA2F-F564-491E-BA1F-D2BD630CDBB3}.Debug|Any CPU.Build.0 = Debug|Any CPU
		{F0AEAA2F-F564-491E-BA1F-D2BD630CDBB3}.Release|Any CPU.ActiveCfg = Release|Any CPU
		{F0AEAA2F-F564-491E-BA1F-D2BD630CDBB3}.Release|Any CPU.Build.0 = Release|Any CPU
	EndGlobalSection
	GlobalSection(SolutionProperties) = preSolution
		HideSolutionNode = FALSE
	EndGlobalSection
	GlobalSection(NestedProjects) = preSolution
		{159FE7F0-88DF-47A5-8A78-54102D6BC9A2} = {A9A6E56F-5E76-4768-BE13-F76269BEB77E}
		{5D5111A9-E566-41F9-8683-9254F90AC001} = {B4AA5542-5CE0-474B-AFF7-B63A65A48297}
		{62CD0B62-E53F-4264-A9E2-EE6D9472F08C} = {B4AA5542-5CE0-474B-AFF7-B63A65A48297}
		{43EE7C6E-DDF8-4BA4-AEAA-AE3D48F27DA1} = {FBD88B52-EF66-4202-B013-FC70AD1ECD62}
		{583E5263-74E7-4F69-82D1-11E3EDA4DC45} = {FBD88B52-EF66-4202-B013-FC70AD1ECD62}
		{F0AEAA2F-F564-491E-BA1F-D2BD630CDBB3} = {FBD88B52-EF66-4202-B013-FC70AD1ECD62}
	EndGlobalSection
	GlobalSection(ExtensibilityGlobals) = postSolution
		SolutionGuid = {03381D17-B1F1-48B8-9F30-97F101AEA4AD}
	EndGlobalSection
EndGlobal
