
Microsoft Visual Studio Solution File, Format Version 12.00
# Visual Studio Version 17
VisualStudioVersion = 17.10.34607.79
MinimumVisualStudioVersion = 10.0.40219.1
Project("{2150E333-8FDC-42A3-9474-1A3956D46DE8}") = "NET Core", "NET Core", "{6F1B9BE5-B2AB-4794-A642-AA0FA74DFF2E}"
EndProject
Project("{9A19103F-16F7-4668-BE54-9A1E7A4F7556}") = "LibUA", "NET Core\LibUA\LibUA.csproj", "{84BC6739-52AC-482B-BF45-3D3EBD754D4B}"
EndProject
Project("{9A19103F-16F7-4668-BE54-9A1E7A4F7556}") = "TestServer", "NET Core\TestServer\TestServer.csproj", "{62DE01CE-6B65-46AE-B338-DC2D21F98EAA}"
EndProject
Project("{9A19103F-16F7-4668-BE54-9A1E7A4F7556}") = "TestClient", "NET Core\TestClient\TestClient.csproj", "{809924A5-E31A-465D-9E1F-BD1AA1F63340}"
EndProject
Project("{2150E333-8FDC-42A3-9474-1A3956D46DE8}") = "NET", "NET", "{B5D51E19-F3EC-4193-BADC-E7F1862D5FFF}"
EndProject
Project("{FAE04EC0-301F-11D3-BF4B-00C04F79EFBC}") = "LibUA", "NET\LibUA\LibUA.csproj", "{A02727B5-BA44-4B42-A75F-B35E295DBAF0}"
EndProject
Project("{9A19103F-16F7-4668-BE54-9A1E7A4F7556}") = "LibUA.Tests", "NET Core\LibUA.Tests\LibUA.Tests.csproj", "{14422ED0-3219-4816-961B-00E5BC4EC757}"
EndProject
Project("{9A19103F-16F7-4668-BE54-9A1E7A4F7556}") = "LibUA.Benchmarks", "NET Core\LibUA.Benchmarks\LibUA.Benchmarks.csproj", "{89681A86-9667-4A67-8D92-A5847E6D19FC}"
EndProject
Global
	GlobalSection(SolutionConfigurationPlatforms) = preSolution
		Debug|Any CPU = Debug|Any CPU
		Release|Any CPU = Release|Any CPU
	EndGlobalSection
	GlobalSection(ProjectConfigurationPlatforms) = postSolution
		{84BC6739-52AC-482B-BF45-3D3EBD754D4B}.Debug|Any CPU.ActiveCfg = Debug|Any CPU
		{84BC6739-52AC-482B-BF45-3D3EBD754D4B}.Debug|Any CPU.Build.0 = Debug|Any CPU
		{84BC6739-52AC-482B-BF45-3D3EBD754D4B}.Release|Any CPU.ActiveCfg = Release|Any CPU
		{84BC6739-52AC-482B-BF45-3D3EBD754D4B}.Release|Any CPU.Build.0 = Release|Any CPU
		{62DE01CE-6B65-46AE-B338-DC2D21F98EAA}.Debug|Any CPU.ActiveCfg = Debug|Any CPU
		{62DE01CE-6B65-46AE-B338-DC2D21F98EAA}.Debug|Any CPU.Build.0 = Debug|Any CPU
		{62DE01CE-6B65-46AE-B338-DC2D21F98EAA}.Release|Any CPU.ActiveCfg = Release|Any CPU
		{62DE01CE-6B65-46AE-B338-DC2D21F98EAA}.Release|Any CPU.Build.0 = Release|Any CPU
		{809924A5-E31A-465D-9E1F-BD1AA1F63340}.Debug|Any CPU.ActiveCfg = Debug|Any CPU
		{809924A5-E31A-465D-9E1F-BD1AA1F63340}.Debug|Any CPU.Build.0 = Debug|Any CPU
		{809924A5-E31A-465D-9E1F-BD1AA1F63340}.Release|Any CPU.ActiveCfg = Release|Any CPU
		{809924A5-E31A-465D-9E1F-BD1AA1F63340}.Release|Any CPU.Build.0 = Release|Any CPU
		{A02727B5-BA44-4B42-A75F-B35E295DBAF0}.Debug|Any CPU.ActiveCfg = Debug|Any CPU
		{A02727B5-BA44-4B42-A75F-B35E295DBAF0}.Debug|Any CPU.Build.0 = Debug|Any CPU
		{A02727B5-BA44-4B42-A75F-B35E295DBAF0}.Release|Any CPU.ActiveCfg = Release|Any CPU
		{A02727B5-BA44-4B42-A75F-B35E295DBAF0}.Release|Any CPU.Build.0 = Release|Any CPU
		{14422ED0-3219-4816-961B-00E5BC4EC757}.Debug|Any CPU.ActiveCfg = Debug|Any CPU
		{14422ED0-3219-4816-961B-00E5BC4EC757}.Debug|Any CPU.Build.0 = Debug|Any CPU
		{14422ED0-3219-4816-961B-00E5BC4EC757}.Release|Any CPU.ActiveCfg = Release|Any CPU
		{14422ED0-3219-4816-961B-00E5BC4EC757}.Release|Any CPU.Build.0 = Release|Any CPU
		{89681A86-9667-4A67-8D92-A5847E6D19FC}.Debug|Any CPU.ActiveCfg = Debug|Any CPU
		{89681A86-9667-4A67-8D92-A5847E6D19FC}.Debug|Any CPU.Build.0 = Debug|Any CPU
		{89681A86-9667-4A67-8D92-A5847E6D19FC}.Release|Any CPU.ActiveCfg = Release|Any CPU
		{89681A86-9667-4A67-8D92-A5847E6D19FC}.Release|Any CPU.Build.0 = Release|Any CPU
	EndGlobalSection
	GlobalSection(SolutionProperties) = preSolution
		HideSolutionNode = FALSE
	EndGlobalSection
	GlobalSection(NestedProjects) = preSolution
		{84BC6739-52AC-482B-BF45-3D3EBD754D4B} = {6F1B9BE5-B2AB-4794-A642-AA0FA74DFF2E}
		{62DE01CE-6B65-46AE-B338-DC2D21F98EAA} = {6F1B9BE5-B2AB-4794-A642-AA0FA74DFF2E}
		{809924A5-E31A-465D-9E1F-BD1AA1F63340} = {6F1B9BE5-B2AB-4794-A642-AA0FA74DFF2E}
		{A02727B5-BA44-4B42-A75F-B35E295DBAF0} = {B5D51E19-F3EC-4193-BADC-E7F1862D5FFF}
		{14422ED0-3219-4816-961B-00E5BC4EC757} = {6F1B9BE5-B2AB-4794-A642-AA0FA74DFF2E}
		{89681A86-9667-4A67-8D92-A5847E6D19FC} = {6F1B9BE5-B2AB-4794-A642-AA0FA74DFF2E}
	EndGlobalSection
	GlobalSection(ExtensibilityGlobals) = postSolution
		SolutionGuid = {03381D17-B1F1-48B8-9F30-97F101AEA4AD}
	EndGlobalSection
EndGlobal
