
Microsoft Visual Studio Solution File, Format Version 12.00
Project("{FAE04EC0-301F-11D3-BF4B-00C04F79EFBC}") = "LibUA", "LibUA\LibUA.csproj", "{7A60F52B-D226-46D5-AFA3-D5D7480EA8C7}"
EndProject
Project("{FAE04EC0-301F-11D3-BF4B-00C04F79EFBC}") = "TestServer", "TestServer\TestServer.csproj", "{D3EFBD93-013D-461A-8D81-AD3D21D9EA36}"
EndProject
Project("{2150E333-8FDC-42A3-9474-1A3956D46DE8}") = "SolutionFolder", "SolutionFolder", "{8007F4E8-3699-410C-8B4C-4F2DDAF9BDC6}"
EndProject
Project("{FAE04EC0-301F-11D3-BF4B-00C04F79EFBC}") = "TestClient", "TestClient\TestClient.csproj", "{D7A993AC-7572-4FEE-868D-23427383F180}"
EndProject
Global
	GlobalSection(SolutionConfigurationPlatforms) = preSolution
		Debug|Any CPU = Debug|Any CPU
		Release|Any CPU = Release|Any CPU
	EndGlobalSection
	GlobalSection(ProjectConfigurationPlatforms) = postSolution
		{7A60F52B-D226-46D5-AFA3-D5D7480EA8C7}.Debug|Any CPU.ActiveCfg = Debug|Any CPU
		{7A60F52B-D226-46D5-AFA3-D5D7480EA8C7}.Debug|Any CPU.Build.0 = Debug|Any CPU
		{7A60F52B-D226-46D5-AFA3-D5D7480EA8C7}.Release|Any CPU.ActiveCfg = Release|Any CPU
		{7A60F52B-D226-46D5-AFA3-D5D7480EA8C7}.Release|Any CPU.Build.0 = Release|Any CPU
		{D3EFBD93-013D-461A-8D81-AD3D21D9EA36}.Debug|Any CPU.ActiveCfg = Debug|Any CPU
		{D3EFBD93-013D-461A-8D81-AD3D21D9EA36}.Debug|Any CPU.Build.0 = Debug|Any CPU
		{D3EFBD93-013D-461A-8D81-AD3D21D9EA36}.Release|Any CPU.ActiveCfg = Release|Any CPU
		{D3EFBD93-013D-461A-8D81-AD3D21D9EA36}.Release|Any CPU.Build.0 = Release|Any CPU
		{D7A993AC-7572-4FEE-868D-23427383F180}.Debug|Any CPU.ActiveCfg = Debug|Any CPU
		{D7A993AC-7572-4FEE-868D-23427383F180}.Debug|Any CPU.Build.0 = Debug|Any CPU
		{D7A993AC-7572-4FEE-868D-23427383F180}.Release|Any CPU.ActiveCfg = Release|Any CPU
		{D7A993AC-7572-4FEE-868D-23427383F180}.Release|Any CPU.Build.0 = Release|Any CPU
	EndGlobalSection
EndGlobal
